
Microsoft Visual Studio Solution File, Format Version 11.00
# Visual Studio 2010
Project("{FAE04EC0-301F-11D3-BF4B-00C04F79EFBC}") = "FitsDataImporter", "FitsUtilities\FitsDataImporter\FitsDataImporter.csproj", "{AA13A7B8-5DC5-4709-846C-76E7C8542B94}"
EndProject
Project("{FAE04EC0-301F-11D3-BF4B-00C04F79EFBC}") = "FitsLogic", "FitsLogic\FitsLogic.csproj", "{C933A74C-3143-400D-9D86-CE312B4C3D77}"
EndProject
Project("{FAE04EC0-301F-11D3-BF4B-00C04F79EFBC}") = "FitsLogicTests", "Tests\FitsLogicTests\FitsLogicTests.csproj", "{C54742B0-A1D1-41B9-8601-CEF3A9A01730}"
EndProject
Project("{2150E333-8FDC-42A3-9474-1A3956D46DE8}") = "Solution Items", "Solution Items", "{B3F07D0C-5040-4AD0-B594-7F8EAA9460D0}"
	ProjectSection(SolutionItems) = preProject
		Local.testsettings = Local.testsettings
		Master1.vsmdi = Master1.vsmdi
		TraceAndTestImpact.testsettings = TraceAndTestImpact.testsettings
	EndProjectSection
EndProject
Project("{2150E333-8FDC-42A3-9474-1A3956D46DE8}") = "Tests", "Tests", "{679F3ADE-F058-4935-8FE4-72DE41D0BC8B}"
EndProject
Project("{FAE04EC0-301F-11D3-BF4B-00C04F79EFBC}") = "Logging", "Utilities\Logging\Logging.csproj", "{5EB088E0-FB6F-425F-BB8A-43336C3EB6D1}"
EndProject
Project("{FAE04EC0-301F-11D3-BF4B-00C04F79EFBC}") = "Repositories", "Repositories\Repositories.csproj", "{89840BA5-A1F9-4953-A41C-9FAC66138411}"
EndProject
Project("{FAE04EC0-301F-11D3-BF4B-00C04F79EFBC}") = "Utilities", "Utilities\Utilities\Utilities.csproj", "{2679079D-43C6-4F71-8C0D-17FC289C4C1B}"
EndProject
Project("{FAE04EC0-301F-11D3-BF4B-00C04F79EFBC}") = "InterfacesAndDto", "InterfacesAndDto\InterfacesAndDto.csproj", "{0D67A1CF-DBA5-4E89-9016-6090615A9CA8}"
EndProject
Project("{FAE04EC0-301F-11D3-BF4B-00C04F79EFBC}") = "Website", "Website\Website.csproj", "{450FD39E-4435-4AA1-AC98-6B894BAAE72E}"
EndProject
Project("{2150E333-8FDC-42A3-9474-1A3956D46DE8}") = "Tools", "Tools", "{0714E887-9A4E-4A87-BD57-BF78FA7FC24D}"
EndProject
Project("{FAE04EC0-301F-11D3-BF4B-00C04F79EFBC}") = "FitsImageGenerator", "FitsImageGenerator\FitsImageGenerator.csproj", "{E7731C8B-9AAF-4F65-A69F-9FA34D8C9CBF}"
EndProject
Global
	GlobalSection(TestCaseManagementSettings) = postSolution
		CategoryFile = Master1.vsmdi
	EndGlobalSection
	GlobalSection(SolutionConfigurationPlatforms) = preSolution
		Debug|Any CPU = Debug|Any CPU
		Debug|Mixed Platforms = Debug|Mixed Platforms
		Debug|x86 = Debug|x86
		Release|Any CPU = Release|Any CPU
		Release|Mixed Platforms = Release|Mixed Platforms
		Release|x86 = Release|x86
	EndGlobalSection
	GlobalSection(ProjectConfigurationPlatforms) = postSolution
		{AA13A7B8-5DC5-4709-846C-76E7C8542B94}.Debug|Any CPU.ActiveCfg = Debug|x86
		{AA13A7B8-5DC5-4709-846C-76E7C8542B94}.Debug|Mixed Platforms.ActiveCfg = Debug|x86
		{AA13A7B8-5DC5-4709-846C-76E7C8542B94}.Debug|Mixed Platforms.Build.0 = Debug|x86
		{AA13A7B8-5DC5-4709-846C-76E7C8542B94}.Debug|x86.ActiveCfg = Debug|x86
		{AA13A7B8-5DC5-4709-846C-76E7C8542B94}.Debug|x86.Build.0 = Debug|x86
		{AA13A7B8-5DC5-4709-846C-76E7C8542B94}.Release|Any CPU.ActiveCfg = Release|x86
		{AA13A7B8-5DC5-4709-846C-76E7C8542B94}.Release|Mixed Platforms.ActiveCfg = Release|x86
		{AA13A7B8-5DC5-4709-846C-76E7C8542B94}.Release|Mixed Platforms.Build.0 = Release|x86
		{AA13A7B8-5DC5-4709-846C-76E7C8542B94}.Release|x86.ActiveCfg = Release|x86
		{AA13A7B8-5DC5-4709-846C-76E7C8542B94}.Release|x86.Build.0 = Release|x86
		{C933A74C-3143-400D-9D86-CE312B4C3D77}.Debug|Any CPU.ActiveCfg = Debug|Any CPU
		{C933A74C-3143-400D-9D86-CE312B4C3D77}.Debug|Any CPU.Build.0 = Debug|Any CPU
		{C933A74C-3143-400D-9D86-CE312B4C3D77}.Debug|Mixed Platforms.ActiveCfg = Debug|Any CPU
		{C933A74C-3143-400D-9D86-CE312B4C3D77}.Debug|Mixed Platforms.Build.0 = Debug|Any CPU
		{C933A74C-3143-400D-9D86-CE312B4C3D77}.Debug|x86.ActiveCfg = Debug|Any CPU
		{C933A74C-3143-400D-9D86-CE312B4C3D77}.Release|Any CPU.ActiveCfg = Release|Any CPU
		{C933A74C-3143-400D-9D86-CE312B4C3D77}.Release|Any CPU.Build.0 = Release|Any CPU
		{C933A74C-3143-400D-9D86-CE312B4C3D77}.Release|Mixed Platforms.ActiveCfg = Release|Any CPU
		{C933A74C-3143-400D-9D86-CE312B4C3D77}.Release|Mixed Platforms.Build.0 = Release|Any CPU
		{C933A74C-3143-400D-9D86-CE312B4C3D77}.Release|x86.ActiveCfg = Release|Any CPU
		{C54742B0-A1D1-41B9-8601-CEF3A9A01730}.Debug|Any CPU.ActiveCfg = Debug|Any CPU
		{C54742B0-A1D1-41B9-8601-CEF3A9A01730}.Debug|Any CPU.Build.0 = Debug|Any CPU
		{C54742B0-A1D1-41B9-8601-CEF3A9A01730}.Debug|Mixed Platforms.ActiveCfg = Debug|Any CPU
		{C54742B0-A1D1-41B9-8601-CEF3A9A01730}.Debug|Mixed Platforms.Build.0 = Debug|Any CPU
		{C54742B0-A1D1-41B9-8601-CEF3A9A01730}.Debug|x86.ActiveCfg = Debug|Any CPU
		{C54742B0-A1D1-41B9-8601-CEF3A9A01730}.Release|Any CPU.ActiveCfg = Release|Any CPU
		{C54742B0-A1D1-41B9-8601-CEF3A9A01730}.Release|Any CPU.Build.0 = Release|Any CPU
		{C54742B0-A1D1-41B9-8601-CEF3A9A01730}.Release|Mixed Platforms.ActiveCfg = Release|Any CPU
		{C54742B0-A1D1-41B9-8601-CEF3A9A01730}.Release|Mixed Platforms.Build.0 = Release|Any CPU
		{C54742B0-A1D1-41B9-8601-CEF3A9A01730}.Release|x86.ActiveCfg = Release|Any CPU
		{5EB088E0-FB6F-425F-BB8A-43336C3EB6D1}.Debug|Any CPU.ActiveCfg = Debug|Any CPU
		{5EB088E0-FB6F-425F-BB8A-43336C3EB6D1}.Debug|Any CPU.Build.0 = Debug|Any CPU
		{5EB088E0-FB6F-425F-BB8A-43336C3EB6D1}.Debug|Mixed Platforms.ActiveCfg = Debug|Any CPU
		{5EB088E0-FB6F-425F-BB8A-43336C3EB6D1}.Debug|Mixed Platforms.Build.0 = Debug|Any CPU
		{5EB088E0-FB6F-425F-BB8A-43336C3EB6D1}.Debug|x86.ActiveCfg = Debug|Any CPU
		{5EB088E0-FB6F-425F-BB8A-43336C3EB6D1}.Release|Any CPU.ActiveCfg = Release|Any CPU
		{5EB088E0-FB6F-425F-BB8A-43336C3EB6D1}.Release|Any CPU.Build.0 = Release|Any CPU
		{5EB088E0-FB6F-425F-BB8A-43336C3EB6D1}.Release|Mixed Platforms.ActiveCfg = Release|Any CPU
		{5EB088E0-FB6F-425F-BB8A-43336C3EB6D1}.Release|Mixed Platforms.Build.0 = Release|Any CPU
		{5EB088E0-FB6F-425F-BB8A-43336C3EB6D1}.Release|x86.ActiveCfg = Release|Any CPU
		{89840BA5-A1F9-4953-A41C-9FAC66138411}.Debug|Any CPU.ActiveCfg = Debug|Any CPU
		{89840BA5-A1F9-4953-A41C-9FAC66138411}.Debug|Any CPU.Build.0 = Debug|Any CPU
		{89840BA5-A1F9-4953-A41C-9FAC66138411}.Debug|Mixed Platforms.ActiveCfg = Debug|Any CPU
		{89840BA5-A1F9-4953-A41C-9FAC66138411}.Debug|Mixed Platforms.Build.0 = Debug|Any CPU
		{89840BA5-A1F9-4953-A41C-9FAC66138411}.Debug|x86.ActiveCfg = Debug|Any CPU
		{89840BA5-A1F9-4953-A41C-9FAC66138411}.Release|Any CPU.ActiveCfg = Release|Any CPU
		{89840BA5-A1F9-4953-A41C-9FAC66138411}.Release|Any CPU.Build.0 = Release|Any CPU
		{89840BA5-A1F9-4953-A41C-9FAC66138411}.Release|Mixed Platforms.ActiveCfg = Release|Any CPU
		{89840BA5-A1F9-4953-A41C-9FAC66138411}.Release|Mixed Platforms.Build.0 = Release|Any CPU
		{89840BA5-A1F9-4953-A41C-9FAC66138411}.Release|x86.ActiveCfg = Release|Any CPU
		{2679079D-43C6-4F71-8C0D-17FC289C4C1B}.Debug|Any CPU.ActiveCfg = Debug|Any CPU
		{2679079D-43C6-4F71-8C0D-17FC289C4C1B}.Debug|Any CPU.Build.0 = Debug|Any CPU
		{2679079D-43C6-4F71-8C0D-17FC289C4C1B}.Debug|Mixed Platforms.ActiveCfg = Debug|Any CPU
		{2679079D-43C6-4F71-8C0D-17FC289C4C1B}.Debug|Mixed Platforms.Build.0 = Debug|Any CPU
		{2679079D-43C6-4F71-8C0D-17FC289C4C1B}.Debug|x86.ActiveCfg = Debug|Any CPU
		{2679079D-43C6-4F71-8C0D-17FC289C4C1B}.Release|Any CPU.ActiveCfg = Release|Any CPU
		{2679079D-43C6-4F71-8C0D-17FC289C4C1B}.Release|Any CPU.Build.0 = Release|Any CPU
		{2679079D-43C6-4F71-8C0D-17FC289C4C1B}.Release|Mixed Platforms.ActiveCfg = Release|Any CPU
		{2679079D-43C6-4F71-8C0D-17FC289C4C1B}.Release|Mixed Platforms.Build.0 = Release|Any CPU
		{2679079D-43C6-4F71-8C0D-17FC289C4C1B}.Release|x86.ActiveCfg = Release|Any CPU
		{0D67A1CF-DBA5-4E89-9016-6090615A9CA8}.Debug|Any CPU.ActiveCfg = Debug|Any CPU
		{0D67A1CF-DBA5-4E89-9016-6090615A9CA8}.Debug|Any CPU.Build.0 = Debug|Any CPU
		{0D67A1CF-DBA5-4E89-9016-6090615A9CA8}.Debug|Mixed Platforms.ActiveCfg = Debug|Any CPU
		{0D67A1CF-DBA5-4E89-9016-6090615A9CA8}.Debug|Mixed Platforms.Build.0 = Debug|Any CPU
		{0D67A1CF-DBA5-4E89-9016-6090615A9CA8}.Debug|x86.ActiveCfg = Debug|Any CPU
		{0D67A1CF-DBA5-4E89-9016-6090615A9CA8}.Release|Any CPU.ActiveCfg = Release|Any CPU
		{0D67A1CF-DBA5-4E89-9016-6090615A9CA8}.Release|Any CPU.Build.0 = Release|Any CPU
		{0D67A1CF-DBA5-4E89-9016-6090615A9CA8}.Release|Mixed Platforms.ActiveCfg = Release|Any CPU
		{0D67A1CF-DBA5-4E89-9016-6090615A9CA8}.Release|Mixed Platforms.Build.0 = Release|Any CPU
		{0D67A1CF-DBA5-4E89-9016-6090615A9CA8}.Release|x86.ActiveCfg = Release|Any CPU
		{450FD39E-4435-4AA1-AC98-6B894BAAE72E}.Debug|Any CPU.ActiveCfg = Debug|Any CPU
		{450FD39E-4435-4AA1-AC98-6B894BAAE72E}.Debug|Any CPU.Build.0 = Debug|Any CPU
		{450FD39E-4435-4AA1-AC98-6B894BAAE72E}.Debug|Mixed Platforms.ActiveCfg = Debug|Any CPU
		{450FD39E-4435-4AA1-AC98-6B894BAAE72E}.Debug|Mixed Platforms.Build.0 = Debug|Any CPU
		{450FD39E-4435-4AA1-AC98-6B894BAAE72E}.Debug|x86.ActiveCfg = Debug|Any CPU
		{450FD39E-4435-4AA1-AC98-6B894BAAE72E}.Release|Any CPU.ActiveCfg = Release|Any CPU
		{450FD39E-4435-4AA1-AC98-6B894BAAE72E}.Release|Any CPU.Build.0 = Release|Any CPU
		{450FD39E-4435-4AA1-AC98-6B894BAAE72E}.Release|Mixed Platforms.ActiveCfg = Release|Any CPU
		{450FD39E-4435-4AA1-AC98-6B894BAAE72E}.Release|Mixed Platforms.Build.0 = Release|Any CPU
		{450FD39E-4435-4AA1-AC98-6B894BAAE72E}.Release|x86.ActiveCfg = Release|Any CPU
		{E7731C8B-9AAF-4F65-A69F-9FA34D8C9CBF}.Debug|Any CPU.ActiveCfg = Debug|x86
		{E7731C8B-9AAF-4F65-A69F-9FA34D8C9CBF}.Debug|Mixed Platforms.ActiveCfg = Debug|x86
		{E7731C8B-9AAF-4F65-A69F-9FA34D8C9CBF}.Debug|Mixed Platforms.Build.0 = Debug|x86
		{E7731C8B-9AAF-4F65-A69F-9FA34D8C9CBF}.Debug|x86.ActiveCfg = Debug|x86
		{E7731C8B-9AAF-4F65-A69F-9FA34D8C9CBF}.Debug|x86.Build.0 = Debug|x86
		{E7731C8B-9AAF-4F65-A69F-9FA34D8C9CBF}.Release|Any CPU.ActiveCfg = Release|x86
		{E7731C8B-9AAF-4F65-A69F-9FA34D8C9CBF}.Release|Mixed Platforms.ActiveCfg = Release|x86
		{E7731C8B-9AAF-4F65-A69F-9FA34D8C9CBF}.Release|Mixed Platforms.Build.0 = Release|x86
		{E7731C8B-9AAF-4F65-A69F-9FA34D8C9CBF}.Release|x86.ActiveCfg = Release|x86
		{E7731C8B-9AAF-4F65-A69F-9FA34D8C9CBF}.Release|x86.Build.0 = Release|x86
	EndGlobalSection
	GlobalSection(SolutionProperties) = preSolution
		HideSolutionNode = FALSE
	EndGlobalSection
	GlobalSection(NestedProjects) = preSolution
		{C54742B0-A1D1-41B9-8601-CEF3A9A01730} = {679F3ADE-F058-4935-8FE4-72DE41D0BC8B}
		{AA13A7B8-5DC5-4709-846C-76E7C8542B94} = {0714E887-9A4E-4A87-BD57-BF78FA7FC24D}
		{E7731C8B-9AAF-4F65-A69F-9FA34D8C9CBF} = {0714E887-9A4E-4A87-BD57-BF78FA7FC24D}
	EndGlobalSection
EndGlobal
